
Microsoft Visual Studio Solution File, Format Version 12.00
# Visual Studio Version 16
VisualStudioVersion = 16.0.29411.108
MinimumVisualStudioVersion = 10.0.40219.1
Project("{FAE04EC0-301F-11D3-BF4B-00C04F79EFBC}") = "TimedMathQuiz", "TimedMathQuiz\TimedMathQuiz.csproj", "{8E4B3FB5-FFE1-4500-AACE-FB30915736BC}"
EndProject
Global
	GlobalSection(SolutionConfigurationPlatforms) = preSolution
		Debug|Any CPU = Debug|Any CPU
		Release|Any CPU = Release|Any CPU
	EndGlobalSection
	GlobalSection(ProjectConfigurationPlatforms) = postSolution
		{8E4B3FB5-FFE1-4500-AACE-FB30915736BC}.Debug|Any CPU.ActiveCfg = Debug|Any CPU
		{8E4B3FB5-FFE1-4500-AACE-FB30915736BC}.Debug|Any CPU.Build.0 = Debug|Any CPU
		{8E4B3FB5-FFE1-4500-AACE-FB30915736BC}.Release|Any CPU.ActiveCfg = Release|Any CPU
		{8E4B3FB5-FFE1-4500-AACE-FB30915736BC}.Release|Any CPU.Build.0 = Release|Any CPU
	EndGlobalSection
	GlobalSection(SolutionProperties) = preSolution
		HideSolutionNode = FALSE
	EndGlobalSection
	GlobalSection(ExtensibilityGlobals) = postSolution
		SolutionGuid = {57DABC39-D788-4389-988E-1CC2F0A60C45}
	EndGlobalSection
EndGlobal
